// !$*UTF8*$!
{
	archiveVersion = 1;
	classes = {
	};
	objectVersion = 60;
	objects = {

/* Begin PBXBuildFile section */
		BD2F12BA2B0175C300E5D0CE /* AUv3Controls_DemoApp.swift in Sources */ = {isa = PBXBuildFile; fileRef = BD2F12B92B0175C300E5D0CE /* AUv3Controls_DemoApp.swift */; };
		BD2F12BE2B0175C400E5D0CE /* Assets.xcassets in Resources */ = {isa = PBXBuildFile; fileRef = BD2F12BD2B0175C400E5D0CE /* Assets.xcassets */; };
		BD2F12C22B0175C400E5D0CE /* Preview Assets.xcassets in Resources */ = {isa = PBXBuildFile; fileRef = BD2F12C12B0175C400E5D0CE /* Preview Assets.xcassets */; };
		BD2F12CC2B0175C400E5D0CE /* AUv3Controls_DemoTests.swift in Sources */ = {isa = PBXBuildFile; fileRef = BD2F12CB2B0175C400E5D0CE /* AUv3Controls_DemoTests.swift */; };
		BD2F12D62B0175C400E5D0CE /* AUv3Controls_DemoUITests.swift in Sources */ = {isa = PBXBuildFile; fileRef = BD2F12D52B0175C400E5D0CE /* AUv3Controls_DemoUITests.swift */; };
		BD2F12D82B0175C400E5D0CE /* AUv3Controls_DemoUITestsLaunchTests.swift in Sources */ = {isa = PBXBuildFile; fileRef = BD2F12D72B0175C400E5D0CE /* AUv3Controls_DemoUITestsLaunchTests.swift */; };
		BD2F12E62B0175ED00E5D0CE /* AUv3Controls in Frameworks */ = {isa = PBXBuildFile; productRef = BD2F12E52B0175ED00E5D0CE /* AUv3Controls */; };
		BD2F12E92B0176F800E5D0CE /* AUv3Controls in Frameworks */ = {isa = PBXBuildFile; productRef = BD2F12E82B0176F800E5D0CE /* AUv3Controls */; };
		BD4F94E02C8E09C100E5BA37 /* EnvelopeView.swift in Sources */ = {isa = PBXBuildFile; fileRef = BD4F94DF2C8E09C100E5BA37 /* EnvelopeView.swift */; };
		BD7A93512CFA03C300B848BB /* AUv3Controls in Frameworks */ = {isa = PBXBuildFile; productRef = BD7A93502CFA03C300B848BB /* AUv3Controls */; };
		BDEC132A2B95790600789D13 /* DualityView.swift in Sources */ = {isa = PBXBuildFile; fileRef = BD2F12BB2B0175C300E5D0CE /* DualityView.swift */; };
/* End PBXBuildFile section */

/* Begin PBXContainerItemProxy section */
		BD2F12C82B0175C400E5D0CE /* PBXContainerItemProxy */ = {
			isa = PBXContainerItemProxy;
			containerPortal = BD2F12AE2B0175C300E5D0CE /* Project object */;
			proxyType = 1;
			remoteGlobalIDString = BD2F12B52B0175C300E5D0CE;
			remoteInfo = "AUv3Controls Demo";
		};
		BD2F12D22B0175C400E5D0CE /* PBXContainerItemProxy */ = {
			isa = PBXContainerItemProxy;
			containerPortal = BD2F12AE2B0175C300E5D0CE /* Project object */;
			proxyType = 1;
			remoteGlobalIDString = BD2F12B52B0175C300E5D0CE;
			remoteInfo = "AUv3Controls Demo";
		};
/* End PBXContainerItemProxy section */

/* Begin PBXFileReference section */
		BD2F12B62B0175C300E5D0CE /* AUv3Controls Demo.app */ = {isa = PBXFileReference; explicitFileType = wrapper.application; includeInIndex = 0; path = "AUv3Controls Demo.app"; sourceTree = BUILT_PRODUCTS_DIR; };
		BD2F12B92B0175C300E5D0CE /* AUv3Controls_DemoApp.swift */ = {isa = PBXFileReference; lastKnownFileType = sourcecode.swift; path = AUv3Controls_DemoApp.swift; sourceTree = "<group>"; };
		BD2F12BB2B0175C300E5D0CE /* DualityView.swift */ = {isa = PBXFileReference; lastKnownFileType = sourcecode.swift; path = DualityView.swift; sourceTree = "<group>"; };
		BD2F12BD2B0175C400E5D0CE /* Assets.xcassets */ = {isa = PBXFileReference; lastKnownFileType = folder.assetcatalog; path = Assets.xcassets; sourceTree = "<group>"; };
		BD2F12BF2B0175C400E5D0CE /* AUv3Controls_Demo.entitlements */ = {isa = PBXFileReference; lastKnownFileType = text.plist.entitlements; path = AUv3Controls_Demo.entitlements; sourceTree = "<group>"; };
		BD2F12C12B0175C400E5D0CE /* Preview Assets.xcassets */ = {isa = PBXFileReference; lastKnownFileType = folder.assetcatalog; path = "Preview Assets.xcassets"; sourceTree = "<group>"; };
		BD2F12C72B0175C400E5D0CE /* AUv3Controls DemoTests.xctest */ = {isa = PBXFileReference; explicitFileType = wrapper.cfbundle; includeInIndex = 0; path = "AUv3Controls DemoTests.xctest"; sourceTree = BUILT_PRODUCTS_DIR; };
		BD2F12CB2B0175C400E5D0CE /* AUv3Controls_DemoTests.swift */ = {isa = PBXFileReference; lastKnownFileType = sourcecode.swift; path = AUv3Controls_DemoTests.swift; sourceTree = "<group>"; };
		BD2F12D12B0175C400E5D0CE /* AUv3Controls DemoUITests.xctest */ = {isa = PBXFileReference; explicitFileType = wrapper.cfbundle; includeInIndex = 0; path = "AUv3Controls DemoUITests.xctest"; sourceTree = BUILT_PRODUCTS_DIR; };
		BD2F12D52B0175C400E5D0CE /* AUv3Controls_DemoUITests.swift */ = {isa = PBXFileReference; lastKnownFileType = sourcecode.swift; path = AUv3Controls_DemoUITests.swift; sourceTree = "<group>"; };
		BD2F12D72B0175C400E5D0CE /* AUv3Controls_DemoUITestsLaunchTests.swift */ = {isa = PBXFileReference; lastKnownFileType = sourcecode.swift; path = AUv3Controls_DemoUITestsLaunchTests.swift; sourceTree = "<group>"; };
		BD4F94DF2C8E09C100E5BA37 /* EnvelopeView.swift */ = {isa = PBXFileReference; fileEncoding = 4; lastKnownFileType = sourcecode.swift; path = EnvelopeView.swift; sourceTree = "<group>"; };
/* End PBXFileReference section */

/* Begin PBXFrameworksBuildPhase section */
		BD2F12B32B0175C300E5D0CE /* Frameworks */ = {
			isa = PBXFrameworksBuildPhase;
			buildActionMask = 2147483647;
			files = (
				BD2F12E62B0175ED00E5D0CE /* AUv3Controls in Frameworks */,
				BD7A93512CFA03C300B848BB /* AUv3Controls in Frameworks */,
				BD2F12E92B0176F800E5D0CE /* AUv3Controls in Frameworks */,
			);
			runOnlyForDeploymentPostprocessing = 0;
		};
		BD2F12C42B0175C400E5D0CE /* Frameworks */ = {
			isa = PBXFrameworksBuildPhase;
			buildActionMask = 2147483647;
			files = (
			);
			runOnlyForDeploymentPostprocessing = 0;
		};
		BD2F12CE2B0175C400E5D0CE /* Frameworks */ = {
			isa = PBXFrameworksBuildPhase;
			buildActionMask = 2147483647;
			files = (
			);
			runOnlyForDeploymentPostprocessing = 0;
		};
/* End PBXFrameworksBuildPhase section */

/* Begin PBXGroup section */
		BD2F12AD2B0175C300E5D0CE = {
			isa = PBXGroup;
			children = (
				BD2F12B82B0175C300E5D0CE /* AUv3Controls Demo */,
				BD2F12CA2B0175C400E5D0CE /* AUv3Controls DemoTests */,
				BD2F12D42B0175C400E5D0CE /* AUv3Controls DemoUITests */,
				BD2F12B72B0175C300E5D0CE /* Products */,
			);
			sourceTree = "<group>";
		};
		BD2F12B72B0175C300E5D0CE /* Products */ = {
			isa = PBXGroup;
			children = (
				BD2F12B62B0175C300E5D0CE /* AUv3Controls Demo.app */,
				BD2F12C72B0175C400E5D0CE /* AUv3Controls DemoTests.xctest */,
				BD2F12D12B0175C400E5D0CE /* AUv3Controls DemoUITests.xctest */,
			);
			name = Products;
			sourceTree = "<group>";
		};
		BD2F12B82B0175C300E5D0CE /* AUv3Controls Demo */ = {
			isa = PBXGroup;
			children = (
				BD2F12B92B0175C300E5D0CE /* AUv3Controls_DemoApp.swift */,
				BD2F12BB2B0175C300E5D0CE /* DualityView.swift */,
				BD4F94DF2C8E09C100E5BA37 /* EnvelopeView.swift */,
				BD2F12BD2B0175C400E5D0CE /* Assets.xcassets */,
				BD2F12BF2B0175C400E5D0CE /* AUv3Controls_Demo.entitlements */,
				BD2F12C02B0175C400E5D0CE /* Preview Content */,
			);
			path = "AUv3Controls Demo";
			sourceTree = "<group>";
		};
		BD2F12C02B0175C400E5D0CE /* Preview Content */ = {
			isa = PBXGroup;
			children = (
				BD2F12C12B0175C400E5D0CE /* Preview Assets.xcassets */,
			);
			path = "Preview Content";
			sourceTree = "<group>";
		};
		BD2F12CA2B0175C400E5D0CE /* AUv3Controls DemoTests */ = {
			isa = PBXGroup;
			children = (
				BD2F12CB2B0175C400E5D0CE /* AUv3Controls_DemoTests.swift */,
			);
			path = "AUv3Controls DemoTests";
			sourceTree = "<group>";
		};
		BD2F12D42B0175C400E5D0CE /* AUv3Controls DemoUITests */ = {
			isa = PBXGroup;
			children = (
				BD2F12D52B0175C400E5D0CE /* AUv3Controls_DemoUITests.swift */,
				BD2F12D72B0175C400E5D0CE /* AUv3Controls_DemoUITestsLaunchTests.swift */,
			);
			path = "AUv3Controls DemoUITests";
			sourceTree = "<group>";
		};
/* End PBXGroup section */

/* Begin PBXNativeTarget section */
		BD2F12B52B0175C300E5D0CE /* AUv3Controls Demo */ = {
			isa = PBXNativeTarget;
			buildConfigurationList = BD2F12DB2B0175C400E5D0CE /* Build configuration list for PBXNativeTarget "AUv3Controls Demo" */;
			buildPhases = (
				BD2F12B22B0175C300E5D0CE /* Sources */,
				BD2F12B32B0175C300E5D0CE /* Frameworks */,
				BD2F12B42B0175C300E5D0CE /* Resources */,
			);
			buildRules = (
			);
			dependencies = (
			);
			name = "AUv3Controls Demo";
			packageProductDependencies = (
				BD2F12E52B0175ED00E5D0CE /* AUv3Controls */,
				BD2F12E82B0176F800E5D0CE /* AUv3Controls */,
				BD7A93502CFA03C300B848BB /* AUv3Controls */,
			);
			productName = "AUv3Controls Demo";
			productReference = BD2F12B62B0175C300E5D0CE /* AUv3Controls Demo.app */;
			productType = "com.apple.product-type.application";
		};
		BD2F12C62B0175C400E5D0CE /* AUv3Controls DemoTests */ = {
			isa = PBXNativeTarget;
			buildConfigurationList = BD2F12DE2B0175C400E5D0CE /* Build configuration list for PBXNativeTarget "AUv3Controls DemoTests" */;
			buildPhases = (
				BD2F12C32B0175C400E5D0CE /* Sources */,
				BD2F12C42B0175C400E5D0CE /* Frameworks */,
				BD2F12C52B0175C400E5D0CE /* Resources */,
			);
			buildRules = (
			);
			dependencies = (
				BD2F12C92B0175C400E5D0CE /* PBXTargetDependency */,
			);
			name = "AUv3Controls DemoTests";
			productName = "AUv3Controls DemoTests";
			productReference = BD2F12C72B0175C400E5D0CE /* AUv3Controls DemoTests.xctest */;
			productType = "com.apple.product-type.bundle.unit-test";
		};
		BD2F12D02B0175C400E5D0CE /* AUv3Controls DemoUITests */ = {
			isa = PBXNativeTarget;
			buildConfigurationList = BD2F12E12B0175C400E5D0CE /* Build configuration list for PBXNativeTarget "AUv3Controls DemoUITests" */;
			buildPhases = (
				BD2F12CD2B0175C400E5D0CE /* Sources */,
				BD2F12CE2B0175C400E5D0CE /* Frameworks */,
				BD2F12CF2B0175C400E5D0CE /* Resources */,
			);
			buildRules = (
			);
			dependencies = (
				BD2F12D32B0175C400E5D0CE /* PBXTargetDependency */,
			);
			name = "AUv3Controls DemoUITests";
			productName = "AUv3Controls DemoUITests";
			productReference = BD2F12D12B0175C400E5D0CE /* AUv3Controls DemoUITests.xctest */;
			productType = "com.apple.product-type.bundle.ui-testing";
		};
/* End PBXNativeTarget section */

/* Begin PBXProject section */
		BD2F12AE2B0175C300E5D0CE /* Project object */ = {
			isa = PBXProject;
			attributes = {
				BuildIndependentTargetsInParallel = 1;
				LastSwiftUpdateCheck = 1500;
				LastUpgradeCheck = 1520;
				TargetAttributes = {
					BD2F12B52B0175C300E5D0CE = {
						CreatedOnToolsVersion = 15.0.1;
					};
					BD2F12C62B0175C400E5D0CE = {
						CreatedOnToolsVersion = 15.0.1;
						TestTargetID = BD2F12B52B0175C300E5D0CE;
					};
					BD2F12D02B0175C400E5D0CE = {
						CreatedOnToolsVersion = 15.0.1;
						TestTargetID = BD2F12B52B0175C300E5D0CE;
					};
				};
			};
			buildConfigurationList = BD2F12B12B0175C300E5D0CE /* Build configuration list for PBXProject "AUv3Controls Demo" */;
			compatibilityVersion = "Xcode 14.0";
			developmentRegion = en;
			hasScannedForEncodings = 0;
			knownRegions = (
				en,
				Base,
			);
			mainGroup = BD2F12AD2B0175C300E5D0CE;
			packageReferences = (
				BD7A934F2CFA03C300B848BB /* XCLocalSwiftPackageReference "../../AUv3Controls" */,
			);
			productRefGroup = BD2F12B72B0175C300E5D0CE /* Products */;
			projectDirPath = "";
			projectRoot = "";
			targets = (
				BD2F12B52B0175C300E5D0CE /* AUv3Controls Demo */,
				BD2F12C62B0175C400E5D0CE /* AUv3Controls DemoTests */,
				BD2F12D02B0175C400E5D0CE /* AUv3Controls DemoUITests */,
			);
		};
/* End PBXProject section */

/* Begin PBXResourcesBuildPhase section */
		BD2F12B42B0175C300E5D0CE /* Resources */ = {
			isa = PBXResourcesBuildPhase;
			buildActionMask = 2147483647;
			files = (
				BD2F12C22B0175C400E5D0CE /* Preview Assets.xcassets in Resources */,
				BD2F12BE2B0175C400E5D0CE /* Assets.xcassets in Resources */,
			);
			runOnlyForDeploymentPostprocessing = 0;
		};
		BD2F12C52B0175C400E5D0CE /* Resources */ = {
			isa = PBXResourcesBuildPhase;
			buildActionMask = 2147483647;
			files = (
			);
			runOnlyForDeploymentPostprocessing = 0;
		};
		BD2F12CF2B0175C400E5D0CE /* Resources */ = {
			isa = PBXResourcesBuildPhase;
			buildActionMask = 2147483647;
			files = (
			);
			runOnlyForDeploymentPostprocessing = 0;
		};
/* End PBXResourcesBuildPhase section */

/* Begin PBXSourcesBuildPhase section */
		BD2F12B22B0175C300E5D0CE /* Sources */ = {
			isa = PBXSourcesBuildPhase;
			buildActionMask = 2147483647;
			files = (
				BDEC132A2B95790600789D13 /* DualityView.swift in Sources */,
				BD4F94E02C8E09C100E5BA37 /* EnvelopeView.swift in Sources */,
				BD2F12BA2B0175C300E5D0CE /* AUv3Controls_DemoApp.swift in Sources */,
			);
			runOnlyForDeploymentPostprocessing = 0;
		};
		BD2F12C32B0175C400E5D0CE /* Sources */ = {
			isa = PBXSourcesBuildPhase;
			buildActionMask = 2147483647;
			files = (
				BD2F12CC2B0175C400E5D0CE /* AUv3Controls_DemoTests.swift in Sources */,
			);
			runOnlyForDeploymentPostprocessing = 0;
		};
		BD2F12CD2B0175C400E5D0CE /* Sources */ = {
			isa = PBXSourcesBuildPhase;
			buildActionMask = 2147483647;
			files = (
				BD2F12D82B0175C400E5D0CE /* AUv3Controls_DemoUITestsLaunchTests.swift in Sources */,
				BD2F12D62B0175C400E5D0CE /* AUv3Controls_DemoUITests.swift in Sources */,
			);
			runOnlyForDeploymentPostprocessing = 0;
		};
/* End PBXSourcesBuildPhase section */

/* Begin PBXTargetDependency section */
		BD2F12C92B0175C400E5D0CE /* PBXTargetDependency */ = {
			isa = PBXTargetDependency;
			target = BD2F12B52B0175C300E5D0CE /* AUv3Controls Demo */;
			targetProxy = BD2F12C82B0175C400E5D0CE /* PBXContainerItemProxy */;
		};
		BD2F12D32B0175C400E5D0CE /* PBXTargetDependency */ = {
			isa = PBXTargetDependency;
			target = BD2F12B52B0175C300E5D0CE /* AUv3Controls Demo */;
			targetProxy = BD2F12D22B0175C400E5D0CE /* PBXContainerItemProxy */;
		};
/* End PBXTargetDependency section */

/* Begin XCBuildConfiguration section */
		BD2F12D92B0175C400E5D0CE /* Debug */ = {
			isa = XCBuildConfiguration;
			buildSettings = {
				ALWAYS_SEARCH_USER_PATHS = NO;
				ASSETCATALOG_COMPILER_GENERATE_SWIFT_ASSET_SYMBOL_EXTENSIONS = YES;
				CLANG_ANALYZER_NONNULL = YES;
				CLANG_ANALYZER_NUMBER_OBJECT_CONVERSION = YES_AGGRESSIVE;
				CLANG_CXX_LANGUAGE_STANDARD = "gnu++20";
				CLANG_ENABLE_MODULES = YES;
				CLANG_ENABLE_OBJC_ARC = YES;
				CLANG_ENABLE_OBJC_WEAK = YES;
				CLANG_WARN_BLOCK_CAPTURE_AUTORELEASING = YES;
				CLANG_WARN_BOOL_CONVERSION = YES;
				CLANG_WARN_COMMA = YES;
				CLANG_WARN_CONSTANT_CONVERSION = YES;
				CLANG_WARN_DEPRECATED_OBJC_IMPLEMENTATIONS = YES;
				CLANG_WARN_DIRECT_OBJC_ISA_USAGE = YES_ERROR;
				CLANG_WARN_DOCUMENTATION_COMMENTS = YES;
				CLANG_WARN_EMPTY_BODY = YES;
				CLANG_WARN_ENUM_CONVERSION = YES;
				CLANG_WARN_INFINITE_RECURSION = YES;
				CLANG_WARN_INT_CONVERSION = YES;
				CLANG_WARN_NON_LITERAL_NULL_CONVERSION = YES;
				CLANG_WARN_OBJC_IMPLICIT_RETAIN_SELF = YES;
				CLANG_WARN_OBJC_LITERAL_CONVERSION = YES;
				CLANG_WARN_OBJC_ROOT_CLASS = YES_ERROR;
				CLANG_WARN_QUOTED_INCLUDE_IN_FRAMEWORK_HEADER = YES;
				CLANG_WARN_RANGE_LOOP_ANALYSIS = YES;
				CLANG_WARN_STRICT_PROTOTYPES = YES;
				CLANG_WARN_SUSPICIOUS_MOVE = YES;
				CLANG_WARN_UNGUARDED_AVAILABILITY = YES_AGGRESSIVE;
				CLANG_WARN_UNREACHABLE_CODE = YES;
				CLANG_WARN__DUPLICATE_METHOD_MATCH = YES;
				COPY_PHASE_STRIP = NO;
				DEAD_CODE_STRIPPING = YES;
				DEBUG_INFORMATION_FORMAT = dwarf;
				ENABLE_STRICT_OBJC_MSGSEND = YES;
				ENABLE_TESTABILITY = YES;
				ENABLE_USER_SCRIPT_SANDBOXING = YES;
				GCC_C_LANGUAGE_STANDARD = gnu17;
				GCC_DYNAMIC_NO_PIC = NO;
				GCC_NO_COMMON_BLOCKS = YES;
				GCC_OPTIMIZATION_LEVEL = 0;
				GCC_PREPROCESSOR_DEFINITIONS = (
					"DEBUG=1",
					"$(inherited)",
				);
				GCC_WARN_64_TO_32_BIT_CONVERSION = YES;
				GCC_WARN_ABOUT_RETURN_TYPE = YES_ERROR;
				GCC_WARN_UNDECLARED_SELECTOR = YES;
				GCC_WARN_UNINITIALIZED_AUTOS = YES_AGGRESSIVE;
				GCC_WARN_UNUSED_FUNCTION = YES;
				GCC_WARN_UNUSED_VARIABLE = YES;
				IPHONEOS_DEPLOYMENT_TARGET = 17.0;
				LOCALIZATION_PREFERS_STRING_CATALOGS = YES;
				MACOSX_DEPLOYMENT_TARGET = 14.0;
				MTL_ENABLE_DEBUG_INFO = INCLUDE_SOURCE;
				MTL_FAST_MATH = YES;
				ONLY_ACTIVE_ARCH = YES;
				SWIFT_ACTIVE_COMPILATION_CONDITIONS = "DEBUG $(inherited)";
				SWIFT_OPTIMIZATION_LEVEL = "-Onone";
				SWIFT_VERSION = 6.0;
			};
			name = Debug;
		};
		BD2F12DA2B0175C400E5D0CE /* Release */ = {
			isa = XCBuildConfiguration;
			buildSettings = {
				ALWAYS_SEARCH_USER_PATHS = NO;
				ASSETCATALOG_COMPILER_GENERATE_SWIFT_ASSET_SYMBOL_EXTENSIONS = YES;
				CLANG_ANALYZER_NONNULL = YES;
				CLANG_ANALYZER_NUMBER_OBJECT_CONVERSION = YES_AGGRESSIVE;
				CLANG_CXX_LANGUAGE_STANDARD = "gnu++20";
				CLANG_ENABLE_MODULES = YES;
				CLANG_ENABLE_OBJC_ARC = YES;
				CLANG_ENABLE_OBJC_WEAK = YES;
				CLANG_WARN_BLOCK_CAPTURE_AUTORELEASING = YES;
				CLANG_WARN_BOOL_CONVERSION = YES;
				CLANG_WARN_COMMA = YES;
				CLANG_WARN_CONSTANT_CONVERSION = YES;
				CLANG_WARN_DEPRECATED_OBJC_IMPLEMENTATIONS = YES;
				CLANG_WARN_DIRECT_OBJC_ISA_USAGE = YES_ERROR;
				CLANG_WARN_DOCUMENTATION_COMMENTS = YES;
				CLANG_WARN_EMPTY_BODY = YES;
				CLANG_WARN_ENUM_CONVERSION = YES;
				CLANG_WARN_INFINITE_RECURSION = YES;
				CLANG_WARN_INT_CONVERSION = YES;
				CLANG_WARN_NON_LITERAL_NULL_CONVERSION = YES;
				CLANG_WARN_OBJC_IMPLICIT_RETAIN_SELF = YES;
				CLANG_WARN_OBJC_LITERAL_CONVERSION = YES;
				CLANG_WARN_OBJC_ROOT_CLASS = YES_ERROR;
				CLANG_WARN_QUOTED_INCLUDE_IN_FRAMEWORK_HEADER = YES;
				CLANG_WARN_RANGE_LOOP_ANALYSIS = YES;
				CLANG_WARN_STRICT_PROTOTYPES = YES;
				CLANG_WARN_SUSPICIOUS_MOVE = YES;
				CLANG_WARN_UNGUARDED_AVAILABILITY = YES_AGGRESSIVE;
				CLANG_WARN_UNREACHABLE_CODE = YES;
				CLANG_WARN__DUPLICATE_METHOD_MATCH = YES;
				COPY_PHASE_STRIP = NO;
				DEAD_CODE_STRIPPING = YES;
				DEBUG_INFORMATION_FORMAT = "dwarf-with-dsym";
				ENABLE_NS_ASSERTIONS = NO;
				ENABLE_STRICT_OBJC_MSGSEND = YES;
				ENABLE_USER_SCRIPT_SANDBOXING = YES;
				GCC_C_LANGUAGE_STANDARD = gnu17;
				GCC_NO_COMMON_BLOCKS = YES;
				GCC_WARN_64_TO_32_BIT_CONVERSION = YES;
				GCC_WARN_ABOUT_RETURN_TYPE = YES_ERROR;
				GCC_WARN_UNDECLARED_SELECTOR = YES;
				GCC_WARN_UNINITIALIZED_AUTOS = YES_AGGRESSIVE;
				GCC_WARN_UNUSED_FUNCTION = YES;
				GCC_WARN_UNUSED_VARIABLE = YES;
				IPHONEOS_DEPLOYMENT_TARGET = 17.0;
				LOCALIZATION_PREFERS_STRING_CATALOGS = YES;
				MACOSX_DEPLOYMENT_TARGET = 14.0;
				MTL_ENABLE_DEBUG_INFO = NO;
				MTL_FAST_MATH = YES;
				SWIFT_COMPILATION_MODE = wholemodule;
				SWIFT_VERSION = 6.0;
			};
			name = Release;
		};
		BD2F12DC2B0175C400E5D0CE /* Debug */ = {
			isa = XCBuildConfiguration;
			buildSettings = {
				ASSETCATALOG_COMPILER_APPICON_NAME = AppIcon;
				ASSETCATALOG_COMPILER_GLOBAL_ACCENT_COLOR_NAME = AccentColor;
				CODE_SIGN_ENTITLEMENTS = "AUv3Controls Demo/AUv3Controls_Demo.entitlements";
				"CODE_SIGN_IDENTITY[sdk=macosx*]" = "Apple Development";
				CODE_SIGN_STYLE = Automatic;
				CURRENT_PROJECT_VERSION = 1;
				DEAD_CODE_STRIPPING = YES;
				DEVELOPMENT_ASSET_PATHS = "\"AUv3Controls Demo/Preview Content\"";
				DEVELOPMENT_TEAM = UP6SS5ES7E;
				ENABLE_HARDENED_RUNTIME = YES;
				ENABLE_PREVIEWS = YES;
				GENERATE_INFOPLIST_FILE = YES;
				"INFOPLIST_KEY_UIApplicationSceneManifest_Generation[sdk=iphoneos*]" = YES;
				"INFOPLIST_KEY_UIApplicationSceneManifest_Generation[sdk=iphonesimulator*]" = YES;
				"INFOPLIST_KEY_UIApplicationSupportsIndirectInputEvents[sdk=iphoneos*]" = YES;
				"INFOPLIST_KEY_UIApplicationSupportsIndirectInputEvents[sdk=iphonesimulator*]" = YES;
				"INFOPLIST_KEY_UILaunchScreen_Generation[sdk=iphoneos*]" = YES;
				"INFOPLIST_KEY_UILaunchScreen_Generation[sdk=iphonesimulator*]" = YES;
				"INFOPLIST_KEY_UIStatusBarStyle[sdk=iphoneos*]" = UIStatusBarStyleDefault;
				"INFOPLIST_KEY_UIStatusBarStyle[sdk=iphonesimulator*]" = UIStatusBarStyleDefault;
				INFOPLIST_KEY_UISupportedInterfaceOrientations_iPad = "UIInterfaceOrientationPortrait UIInterfaceOrientationPortraitUpsideDown UIInterfaceOrientationLandscapeLeft UIInterfaceOrientationLandscapeRight";
				INFOPLIST_KEY_UISupportedInterfaceOrientations_iPhone = "UIInterfaceOrientationPortrait UIInterfaceOrientationLandscapeLeft UIInterfaceOrientationLandscapeRight";
				IPHONEOS_DEPLOYMENT_TARGET = 17.0;
				LD_RUNPATH_SEARCH_PATHS = "@executable_path/Frameworks";
				"LD_RUNPATH_SEARCH_PATHS[sdk=macosx*]" = "@executable_path/../Frameworks";
				MACOSX_DEPLOYMENT_TARGET = 14.0;
				MARKETING_VERSION = 1.0;
				PRODUCT_BUNDLE_IDENTIFIER = "com.braysoftware.AUv3Controls-Demo";
				PRODUCT_NAME = "$(TARGET_NAME)";
				SDKROOT = auto;
				SUPPORTED_PLATFORMS = "iphoneos iphonesimulator macosx";
				SWIFT_EMIT_LOC_STRINGS = YES;
				SWIFT_VERSION = 5.0;
				TARGETED_DEVICE_FAMILY = "1,2";
			};
			name = Debug;
		};
		BD2F12DD2B0175C400E5D0CE /* Release */ = {
			isa = XCBuildConfiguration;
			buildSettings = {
				ASSETCATALOG_COMPILER_APPICON_NAME = AppIcon;
				ASSETCATALOG_COMPILER_GLOBAL_ACCENT_COLOR_NAME = AccentColor;
				CODE_SIGN_ENTITLEMENTS = "AUv3Controls Demo/AUv3Controls_Demo.entitlements";
				"CODE_SIGN_IDENTITY[sdk=macosx*]" = "Apple Development";
				CODE_SIGN_STYLE = Automatic;
				CURRENT_PROJECT_VERSION = 1;
				DEAD_CODE_STRIPPING = YES;
				DEVELOPMENT_ASSET_PATHS = "\"AUv3Controls Demo/Preview Content\"";
				DEVELOPMENT_TEAM = UP6SS5ES7E;
				ENABLE_HARDENED_RUNTIME = YES;
				ENABLE_PREVIEWS = YES;
				GENERATE_INFOPLIST_FILE = YES;
				"INFOPLIST_KEY_UIApplicationSceneManifest_Generation[sdk=iphoneos*]" = YES;
				"INFOPLIST_KEY_UIApplicationSceneManifest_Generation[sdk=iphonesimulator*]" = YES;
				"INFOPLIST_KEY_UIApplicationSupportsIndirectInputEvents[sdk=iphoneos*]" = YES;
				"INFOPLIST_KEY_UIApplicationSupportsIndirectInputEvents[sdk=iphonesimulator*]" = YES;
				"INFOPLIST_KEY_UILaunchScreen_Generation[sdk=iphoneos*]" = YES;
				"INFOPLIST_KEY_UILaunchScreen_Generation[sdk=iphonesimulator*]" = YES;
				"INFOPLIST_KEY_UIStatusBarStyle[sdk=iphoneos*]" = UIStatusBarStyleDefault;
				"INFOPLIST_KEY_UIStatusBarStyle[sdk=iphonesimulator*]" = UIStatusBarStyleDefault;
				INFOPLIST_KEY_UISupportedInterfaceOrientations_iPad = "UIInterfaceOrientationPortrait UIInterfaceOrientationPortraitUpsideDown UIInterfaceOrientationLandscapeLeft UIInterfaceOrientationLandscapeRight";
				INFOPLIST_KEY_UISupportedInterfaceOrientations_iPhone = "UIInterfaceOrientationPortrait UIInterfaceOrientationLandscapeLeft UIInterfaceOrientationLandscapeRight";
				IPHONEOS_DEPLOYMENT_TARGET = 17.0;
				LD_RUNPATH_SEARCH_PATHS = "@executable_path/Frameworks";
				"LD_RUNPATH_SEARCH_PATHS[sdk=macosx*]" = "@executable_path/../Frameworks";
				MACOSX_DEPLOYMENT_TARGET = 14.0;
				MARKETING_VERSION = 1.0;
				PRODUCT_BUNDLE_IDENTIFIER = "com.braysoftware.AUv3Controls-Demo";
				PRODUCT_NAME = "$(TARGET_NAME)";
				SDKROOT = auto;
				SUPPORTED_PLATFORMS = "iphoneos iphonesimulator macosx";
				SWIFT_EMIT_LOC_STRINGS = YES;
				SWIFT_VERSION = 5.0;
				TARGETED_DEVICE_FAMILY = "1,2";
			};
			name = Release;
		};
		BD2F12DF2B0175C400E5D0CE /* Debug */ = {
			isa = XCBuildConfiguration;
			buildSettings = {
				ALWAYS_EMBED_SWIFT_STANDARD_LIBRARIES = YES;
				BUNDLE_LOADER = "$(TEST_HOST)";
				CODE_SIGN_STYLE = Automatic;
				CURRENT_PROJECT_VERSION = 1;
				DEAD_CODE_STRIPPING = YES;
				DEVELOPMENT_TEAM = UP6SS5ES7E;
				GENERATE_INFOPLIST_FILE = YES;
				IPHONEOS_DEPLOYMENT_TARGET = 17.0;
				MACOSX_DEPLOYMENT_TARGET = 14.0;
				MARKETING_VERSION = 1.0;
				PRODUCT_BUNDLE_IDENTIFIER = "com.braysoftware.AUv3Controls-DemoTests";
				PRODUCT_NAME = "$(TARGET_NAME)";
				SDKROOT = auto;
				SUPPORTED_PLATFORMS = "iphoneos iphonesimulator macosx";
				SWIFT_EMIT_LOC_STRINGS = NO;
				SWIFT_VERSION = 5.0;
				TARGETED_DEVICE_FAMILY = "1,2";
				TEST_HOST = "$(BUILT_PRODUCTS_DIR)/AUv3Controls Demo.app/$(BUNDLE_EXECUTABLE_FOLDER_PATH)/AUv3Controls Demo";
			};
			name = Debug;
		};
		BD2F12E02B0175C400E5D0CE /* Release */ = {
			isa = XCBuildConfiguration;
			buildSettings = {
				ALWAYS_EMBED_SWIFT_STANDARD_LIBRARIES = YES;
				BUNDLE_LOADER = "$(TEST_HOST)";
				CODE_SIGN_STYLE = Automatic;
				CURRENT_PROJECT_VERSION = 1;
				DEAD_CODE_STRIPPING = YES;
				DEVELOPMENT_TEAM = UP6SS5ES7E;
				GENERATE_INFOPLIST_FILE = YES;
				IPHONEOS_DEPLOYMENT_TARGET = 17.0;
				MACOSX_DEPLOYMENT_TARGET = 14.0;
				MARKETING_VERSION = 1.0;
				PRODUCT_BUNDLE_IDENTIFIER = "com.braysoftware.AUv3Controls-DemoTests";
				PRODUCT_NAME = "$(TARGET_NAME)";
				SDKROOT = auto;
				SUPPORTED_PLATFORMS = "iphoneos iphonesimulator macosx";
				SWIFT_EMIT_LOC_STRINGS = NO;
				SWIFT_VERSION = 5.0;
				TARGETED_DEVICE_FAMILY = "1,2";
				TEST_HOST = "$(BUILT_PRODUCTS_DIR)/AUv3Controls Demo.app/$(BUNDLE_EXECUTABLE_FOLDER_PATH)/AUv3Controls Demo";
			};
			name = Release;
		};
		BD2F12E22B0175C400E5D0CE /* Debug */ = {
			isa = XCBuildConfiguration;
			buildSettings = {
				ALWAYS_EMBED_SWIFT_STANDARD_LIBRARIES = YES;
				CODE_SIGN_STYLE = Automatic;
				CURRENT_PROJECT_VERSION = 1;
				DEAD_CODE_STRIPPING = YES;
				DEVELOPMENT_TEAM = UP6SS5ES7E;
				GENERATE_INFOPLIST_FILE = YES;
				IPHONEOS_DEPLOYMENT_TARGET = 17.0;
				MACOSX_DEPLOYMENT_TARGET = 14.0;
				MARKETING_VERSION = 1.0;
				PRODUCT_BUNDLE_IDENTIFIER = "com.braysoftware.AUv3Controls-DemoUITests";
				PRODUCT_NAME = "$(TARGET_NAME)";
				SDKROOT = auto;
				SUPPORTED_PLATFORMS = "iphoneos iphonesimulator macosx";
				SWIFT_EMIT_LOC_STRINGS = NO;
				SWIFT_VERSION = 5.0;
				TARGETED_DEVICE_FAMILY = "1,2";
				TEST_TARGET_NAME = "AUv3Controls Demo";
			};
			name = Debug;
		};
		BD2F12E32B0175C400E5D0CE /* Release */ = {
			isa = XCBuildConfiguration;
			buildSettings = {
				ALWAYS_EMBED_SWIFT_STANDARD_LIBRARIES = YES;
				CODE_SIGN_STYLE = Automatic;
				CURRENT_PROJECT_VERSION = 1;
				DEAD_CODE_STRIPPING = YES;
				DEVELOPMENT_TEAM = UP6SS5ES7E;
				GENERATE_INFOPLIST_FILE = YES;
				IPHONEOS_DEPLOYMENT_TARGET = 17.0;
				MACOSX_DEPLOYMENT_TARGET = 14.0;
				MARKETING_VERSION = 1.0;
				PRODUCT_BUNDLE_IDENTIFIER = "com.braysoftware.AUv3Controls-DemoUITests";
				PRODUCT_NAME = "$(TARGET_NAME)";
				SDKROOT = auto;
				SUPPORTED_PLATFORMS = "iphoneos iphonesimulator macosx";
				SWIFT_EMIT_LOC_STRINGS = NO;
				SWIFT_VERSION = 5.0;
				TARGETED_DEVICE_FAMILY = "1,2";
				TEST_TARGET_NAME = "AUv3Controls Demo";
			};
			name = Release;
		};
/* End XCBuildConfiguration section */

/* Begin XCConfigurationList section */
		BD2F12B12B0175C300E5D0CE /* Build configuration list for PBXProject "AUv3Controls Demo" */ = {
			isa = XCConfigurationList;
			buildConfigurations = (
				BD2F12D92B0175C400E5D0CE /* Debug */,
				BD2F12DA2B0175C400E5D0CE /* Release */,
			);
			defaultConfigurationIsVisible = 0;
			defaultConfigurationName = Release;
		};
		BD2F12DB2B0175C400E5D0CE /* Build configuration list for PBXNativeTarget "AUv3Controls Demo" */ = {
			isa = XCConfigurationList;
			buildConfigurations = (
				BD2F12DC2B0175C400E5D0CE /* Debug */,
				BD2F12DD2B0175C400E5D0CE /* Release */,
			);
			defaultConfigurationIsVisible = 0;
			defaultConfigurationName = Release;
		};
		BD2F12DE2B0175C400E5D0CE /* Build configuration list for PBXNativeTarget "AUv3Controls DemoTests" */ = {
			isa = XCConfigurationList;
			buildConfigurations = (
				BD2F12DF2B0175C400E5D0CE /* Debug */,
				BD2F12E02B0175C400E5D0CE /* Release */,
			);
			defaultConfigurationIsVisible = 0;
			defaultConfigurationName = Release;
		};
		BD2F12E12B0175C400E5D0CE /* Build configuration list for PBXNativeTarget "AUv3Controls DemoUITests" */ = {
			isa = XCConfigurationList;
			buildConfigurations = (
				BD2F12E22B0175C400E5D0CE /* Debug */,
				BD2F12E32B0175C400E5D0CE /* Release */,
			);
			defaultConfigurationIsVisible = 0;
			defaultConfigurationName = Release;
		};
/* End XCConfigurationList section */

/* Begin XCLocalSwiftPackageReference section */
		BD7A934F2CFA03C300B848BB /* XCLocalSwiftPackageReference "../../AUv3Controls" */ = {
			isa = XCLocalSwiftPackageReference;
			relativePath = ../../AUv3Controls;
		};
/* End XCLocalSwiftPackageReference section */

/* Begin XCSwiftPackageProductDependency section */
		BD2F12E52B0175ED00E5D0CE /* AUv3Controls */ = {
			isa = XCSwiftPackageProductDependency;
			productName = AUv3Controls;
		};
		BD2F12E82B0176F800E5D0CE /* AUv3Controls */ = {
			isa = XCSwiftPackageProductDependency;
			productName = AUv3Controls;
		};
		BD7A93502CFA03C300B848BB /* AUv3Controls */ = {
			isa = XCSwiftPackageProductDependency;
			productName = AUv3Controls;
		};
/* End XCSwiftPackageProductDependency section */
	};
	rootObject = BD2F12AE2B0175C300E5D0CE /* Project object */;
}
